
Microsoft Visual Studio Solution File, Format Version 12.00
# Visual Studio 15
VisualStudioVersion = 15.0.27703.2047
MinimumVisualStudioVersion = 10.0.40219.1
Project("{9A19103F-16F7-4668-BE54-9A1E7A4F7556}") = "NgNet.Core", "NgNet.Core\NgNet.Core.csproj", "{040A391C-C2E0-45B0-9EB9-0F5730669F03}"
EndProject
Project("{9A19103F-16F7-4668-BE54-9A1E7A4F7556}") = "Test", "Test\Test.csproj", "{8D313770-C8FC-48EB-A84D-90D95120C5AB}"
EndProject
Project("{FAE04EC0-301F-11D3-BF4B-00C04F79EFBC}") = "NgNet.Windows", "NgNet.Windows\NgNet.Windows.csproj", "{2D97F6A5-8953-4D66-896A-E73385680912}"
EndProject
Global
	GlobalSection(SolutionConfigurationPlatforms) = preSolution
		Debug|Any CPU = Debug|Any CPU
		Release|Any CPU = Release|Any CPU
	EndGlobalSection
	GlobalSection(ProjectConfigurationPlatforms) = postSolution
		{040A391C-C2E0-45B0-9EB9-0F5730669F03}.Debug|Any CPU.ActiveCfg = Debug|Any CPU
		{040A391C-C2E0-45B0-9EB9-0F5730669F03}.Debug|Any CPU.Build.0 = Debug|Any CPU
		{040A391C-C2E0-45B0-9EB9-0F5730669F03}.Release|Any CPU.ActiveCfg = Release|Any CPU
		{040A391C-C2E0-45B0-9EB9-0F5730669F03}.Release|Any CPU.Build.0 = Release|Any CPU
		{8D313770-C8FC-48EB-A84D-90D95120C5AB}.Debug|Any CPU.ActiveCfg = Debug|Any CPU
		{8D313770-C8FC-48EB-A84D-90D95120C5AB}.Debug|Any CPU.Build.0 = Debug|Any CPU
		{8D313770-C8FC-48EB-A84D-90D95120C5AB}.Release|Any CPU.ActiveCfg = Release|Any CPU
		{8D313770-C8FC-48EB-A84D-90D95120C5AB}.Release|Any CPU.Build.0 = Release|Any CPU
		{2D97F6A5-8953-4D66-896A-E73385680912}.Debug|Any CPU.ActiveCfg = Debug|Any CPU
		{2D97F6A5-8953-4D66-896A-E73385680912}.Debug|Any CPU.Build.0 = Debug|Any CPU
		{2D97F6A5-8953-4D66-896A-E73385680912}.Release|Any CPU.ActiveCfg = Release|Any CPU
		{2D97F6A5-8953-4D66-896A-E73385680912}.Release|Any CPU.Build.0 = Release|Any CPU
	EndGlobalSection
	GlobalSection(SolutionProperties) = preSolution
		HideSolutionNode = FALSE
	EndGlobalSection
	GlobalSection(ExtensibilityGlobals) = postSolution
		SolutionGuid = {3C4D5B7A-8AA6-4F08-9827-C99C6FD9E369}
	EndGlobalSection
EndGlobal
